
Microsoft Visual Studio Solution File, Format Version 12.00
# Visual Studio Version 16
VisualStudioVersion = 16.0.30204.135
MinimumVisualStudioVersion = 10.0.40219.1
Project("{FAE04EC0-301F-11D3-BF4B-00C04F79EFBC}") = "MyApp", "MyApp.csproj", "{F9B1313C-DCF6-4412-B294-02378FAD17BC}"
EndProject
Global
	GlobalSection(SolutionConfigurationPlatforms) = preSolution
		Debug|Any CPU = Debug|Any CPU
		Release|Any CPU = Release|Any CPU
	EndGlobalSection
	GlobalSection(ProjectConfigurationPlatforms) = postSolution
		{F9B1313C-DCF6-4412-B294-02378FAD17BC}.Debug|Any CPU.ActiveCfg = Debug|Any CPU
		{F9B1313C-DCF6-4412-B294-02378FAD17BC}.Debug|Any CPU.Build.0 = Debug|Any CPU
		{F9B1313C-DCF6-4412-B294-02378FAD17BC}.Release|Any CPU.ActiveCfg = Release|Any CPU
		{F9B1313C-DCF6-4412-B294-02378FAD17BC}.Release|Any CPU.Build.0 = Release|Any CPU
	EndGlobalSection
	GlobalSection(SolutionProperties) = preSolution
		HideSolutionNode = FALSE
	EndGlobalSection
	GlobalSection(ExtensibilityGlobals) = postSolution
		SolutionGuid = {0CC0FCA4-B526-4AA2-9B06-EB18FAA4D44F}
	EndGlobalSection
EndGlobal
