
Microsoft Visual Studio Solution File, Format Version 12.00
# Visual Studio Version 16
VisualStudioVersion = 16.0.30204.135
MinimumVisualStudioVersion = 10.0.40219.1
Project("{FAE04EC0-301F-11D3-BF4B-00C04F79EFBC}") = "OlaMundo", "OláMundo\OlaMundo.csproj", "{7122FC2F-7BC2-4A3A-B609-029304799FC9}"
EndProject
Project("{FAE04EC0-301F-11D3-BF4B-00C04F79EFBC}") = "OlaMundo2", "OlaMundo2\OlaMundo2.csproj", "{63E59D68-694C-4AA1-9D9E-20E9AE74EC7D}"
EndProject
Global
	GlobalSection(SolutionConfigurationPlatforms) = preSolution
		Debug|Any CPU = Debug|Any CPU
		Release|Any CPU = Release|Any CPU
	EndGlobalSection
	GlobalSection(ProjectConfigurationPlatforms) = postSolution
		{7122FC2F-7BC2-4A3A-B609-029304799FC9}.Debug|Any CPU.ActiveCfg = Debug|Any CPU
		{7122FC2F-7BC2-4A3A-B609-029304799FC9}.Debug|Any CPU.Build.0 = Debug|Any CPU
		{7122FC2F-7BC2-4A3A-B609-029304799FC9}.Release|Any CPU.ActiveCfg = Release|Any CPU
		{7122FC2F-7BC2-4A3A-B609-029304799FC9}.Release|Any CPU.Build.0 = Release|Any CPU
		{63E59D68-694C-4AA1-9D9E-20E9AE74EC7D}.Debug|Any CPU.ActiveCfg = Debug|Any CPU
		{63E59D68-694C-4AA1-9D9E-20E9AE74EC7D}.Debug|Any CPU.Build.0 = Debug|Any CPU
		{63E59D68-694C-4AA1-9D9E-20E9AE74EC7D}.Release|Any CPU.ActiveCfg = Release|Any CPU
		{63E59D68-694C-4AA1-9D9E-20E9AE74EC7D}.Release|Any CPU.Build.0 = Release|Any CPU
	EndGlobalSection
	GlobalSection(SolutionProperties) = preSolution
		HideSolutionNode = FALSE
	EndGlobalSection
	GlobalSection(ExtensibilityGlobals) = postSolution
		SolutionGuid = {B0E40B4A-2FAF-4BDC-B6FB-20CD6F0FDDA9}
	EndGlobalSection
EndGlobal
